
Microsoft Visual Studio Solution File, Format Version 12.00
# Visual Studio 15
VisualStudioVersion = 15.0.27703.2035
MinimumVisualStudioVersion = 10.0.40219.1
Project("{9A19103F-16F7-4668-BE54-9A1E7A4F7556}") = "OSM.Infrastructure", "OSM.Infrastructure\OSM.Infrastructure.csproj", "{0DA6D990-5502-4D44-929D-138DF497563D}"
EndProject
Project("{9A19103F-16F7-4668-BE54-9A1E7A4F7556}") = "OSM.Web", "OSM\OSM.Web.csproj", "{23C662D7-B677-4BCD-A6F8-692DE3E30205}"
EndProject
Project("{9A19103F-16F7-4668-BE54-9A1E7A4F7556}") = "OSM.Utilities", "OSM.Intilities\OSM.Utilities.csproj", "{50440CA2-9857-4824-B657-519DB225D2E6}"
EndProject
Project("{9A19103F-16F7-4668-BE54-9A1E7A4F7556}") = "OSM.Data", "OSM.Data\OSM.Data.csproj", "{6F87DDD3-E4DF-4B4A-8E62-D249D6705810}"
EndProject
Project("{9A19103F-16F7-4668-BE54-9A1E7A4F7556}") = "OSM.Data.EF", "OSM.Data.EF\OSM.Data.EF.csproj", "{15FCEDC4-F74D-4C10-8FAC-0D8287A04455}"
EndProject
Project("{2150E333-8FDC-42A3-9474-1A3956D46DE8}") = "1 - Presentation", "1 - Presentation", "{FD663E27-079C-426F-9BDA-B7E23EA6B09D}"
EndProject
Project("{2150E333-8FDC-42A3-9474-1A3956D46DE8}") = "2 - Application", "2 - Application", "{6852A75D-F31E-4500-ACCC-CC6EA0237F64}"
EndProject
Project("{2150E333-8FDC-42A3-9474-1A3956D46DE8}") = "3 - Domain", "3 - Domain", "{8AC401B6-9C8C-4E4E-8A3A-1461A2BB7C88}"
EndProject
Project("{2150E333-8FDC-42A3-9474-1A3956D46DE8}") = "4 - Infrastructure", "4 - Infrastructure", "{5D929F29-B52C-4C12-A549-C8192B14B416}"
EndProject
Project("{9A19103F-16F7-4668-BE54-9A1E7A4F7556}") = "OSM.Application", "OSM.Application\OSM.Application.csproj", "{46BB0DEF-1C75-4652-B00E-12C64010644F}"
EndProject
Global
	GlobalSection(SolutionConfigurationPlatforms) = preSolution
		Debug|Any CPU = Debug|Any CPU
		Release|Any CPU = Release|Any CPU
	EndGlobalSection
	GlobalSection(ProjectConfigurationPlatforms) = postSolution
		{0DA6D990-5502-4D44-929D-138DF497563D}.Debug|Any CPU.ActiveCfg = Debug|Any CPU
		{0DA6D990-5502-4D44-929D-138DF497563D}.Release|Any CPU.ActiveCfg = Release|Any CPU
		{0DA6D990-5502-4D44-929D-138DF497563D}.Release|Any CPU.Build.0 = Release|Any CPU
		{23C662D7-B677-4BCD-A6F8-692DE3E30205}.Debug|Any CPU.ActiveCfg = Debug|Any CPU
		{23C662D7-B677-4BCD-A6F8-692DE3E30205}.Release|Any CPU.ActiveCfg = Release|Any CPU
		{23C662D7-B677-4BCD-A6F8-692DE3E30205}.Release|Any CPU.Build.0 = Release|Any CPU
		{50440CA2-9857-4824-B657-519DB225D2E6}.Debug|Any CPU.ActiveCfg = Debug|Any CPU
		{50440CA2-9857-4824-B657-519DB225D2E6}.Release|Any CPU.ActiveCfg = Release|Any CPU
		{50440CA2-9857-4824-B657-519DB225D2E6}.Release|Any CPU.Build.0 = Release|Any CPU
		{6F87DDD3-E4DF-4B4A-8E62-D249D6705810}.Debug|Any CPU.ActiveCfg = Debug|Any CPU
		{6F87DDD3-E4DF-4B4A-8E62-D249D6705810}.Release|Any CPU.ActiveCfg = Release|Any CPU
		{6F87DDD3-E4DF-4B4A-8E62-D249D6705810}.Release|Any CPU.Build.0 = Release|Any CPU
		{15FCEDC4-F74D-4C10-8FAC-0D8287A04455}.Debug|Any CPU.ActiveCfg = Debug|Any CPU
		{15FCEDC4-F74D-4C10-8FAC-0D8287A04455}.Release|Any CPU.ActiveCfg = Release|Any CPU
		{15FCEDC4-F74D-4C10-8FAC-0D8287A04455}.Release|Any CPU.Build.0 = Release|Any CPU
		{46BB0DEF-1C75-4652-B00E-12C64010644F}.Debug|Any CPU.ActiveCfg = Debug|Any CPU
		{46BB0DEF-1C75-4652-B00E-12C64010644F}.Release|Any CPU.ActiveCfg = Release|Any CPU
		{46BB0DEF-1C75-4652-B00E-12C64010644F}.Release|Any CPU.Build.0 = Release|Any CPU
	EndGlobalSection
	GlobalSection(SolutionProperties) = preSolution
		HideSolutionNode = FALSE
	EndGlobalSection
	GlobalSection(NestedProjects) = preSolution
		{0DA6D990-5502-4D44-929D-138DF497563D} = {5D929F29-B52C-4C12-A549-C8192B14B416}
		{23C662D7-B677-4BCD-A6F8-692DE3E30205} = {FD663E27-079C-426F-9BDA-B7E23EA6B09D}
		{50440CA2-9857-4824-B657-519DB225D2E6} = {5D929F29-B52C-4C12-A549-C8192B14B416}
		{6F87DDD3-E4DF-4B4A-8E62-D249D6705810} = {8AC401B6-9C8C-4E4E-8A3A-1461A2BB7C88}
		{15FCEDC4-F74D-4C10-8FAC-0D8287A04455} = {8AC401B6-9C8C-4E4E-8A3A-1461A2BB7C88}
		{46BB0DEF-1C75-4652-B00E-12C64010644F} = {6852A75D-F31E-4500-ACCC-CC6EA0237F64}
	EndGlobalSection
	GlobalSection(ExtensibilityGlobals) = postSolution
		SolutionGuid = {01C6CCBA-385B-4A99-AA45-36BA88EE2D8B}
	EndGlobalSection
EndGlobal
